
Microsoft Visual Studio Solution File, Format Version 12.00
# Visual Studio Version 16
VisualStudioVersion = 16.0.29326.143
MinimumVisualStudioVersion = 10.0.40219.1
Project("{FAE04EC0-301F-11D3-BF4B-00C04F79EFBC}") = "Space Invaders", "Space Invaders\Space Invaders.csproj", "{27F37690-39CE-45A9-85B3-5BF7A1C9AC5C}"
EndProject
Global
	GlobalSection(SolutionConfigurationPlatforms) = preSolution
		Debug|Any CPU = Debug|Any CPU
		Release|Any CPU = Release|Any CPU
	EndGlobalSection
	GlobalSection(ProjectConfigurationPlatforms) = postSolution
		{27F37690-39CE-45A9-85B3-5BF7A1C9AC5C}.Debug|Any CPU.ActiveCfg = Debug|Any CPU
		{27F37690-39CE-45A9-85B3-5BF7A1C9AC5C}.Debug|Any CPU.Build.0 = Debug|Any CPU
		{27F37690-39CE-45A9-85B3-5BF7A1C9AC5C}.Release|Any CPU.ActiveCfg = Release|Any CPU
		{27F37690-39CE-45A9-85B3-5BF7A1C9AC5C}.Release|Any CPU.Build.0 = Release|Any CPU
	EndGlobalSection
	GlobalSection(SolutionProperties) = preSolution
		HideSolutionNode = FALSE
	EndGlobalSection
	GlobalSection(ExtensibilityGlobals) = postSolution
		SolutionGuid = {30C15BB9-3905-4596-8E13-6B0ABC9CD365}
	EndGlobalSection
EndGlobal
